
Microsoft Visual Studio Solution File, Format Version 12.00
# Visual Studio Version 17
VisualStudioVersion = 17.5.33530.505
MinimumVisualStudioVersion = 10.0.40219.1
Project("{FAE04EC0-301F-11D3-BF4B-00C04F79EFBC}") = "ToDolist1", "ToDolist1\ToDolist1.csproj", "{BBBD600F-834F-413B-8884-4582973E2480}"
EndProject
Global
	GlobalSection(SolutionConfigurationPlatforms) = preSolution
		Debug|Any CPU = Debug|Any CPU
		Release|Any CPU = Release|Any CPU
	EndGlobalSection
	GlobalSection(ProjectConfigurationPlatforms) = postSolution
		{BBBD600F-834F-413B-8884-4582973E2480}.Debug|Any CPU.ActiveCfg = Debug|Any CPU
		{BBBD600F-834F-413B-8884-4582973E2480}.Debug|Any CPU.Build.0 = Debug|Any CPU
		{BBBD600F-834F-413B-8884-4582973E2480}.Release|Any CPU.ActiveCfg = Release|Any CPU
		{BBBD600F-834F-413B-8884-4582973E2480}.Release|Any CPU.Build.0 = Release|Any CPU
	EndGlobalSection
	GlobalSection(SolutionProperties) = preSolution
		HideSolutionNode = FALSE
	EndGlobalSection
	GlobalSection(ExtensibilityGlobals) = postSolution
		SolutionGuid = {89B729FE-6D70-43A2-AF0F-624E4F6D7038}
	EndGlobalSection
EndGlobal
